
Microsoft Visual Studio Solution File, Format Version 12.00
# Visual Studio Version 16
VisualStudioVersion = 16.0.29424.173
MinimumVisualStudioVersion = 10.0.40219.1
Project("{9A19103F-16F7-4668-BE54-9A1E7A4F7556}") = "BrackeysBot", "BrackeysBot.csproj", "{C35AAD04-E4FB-4EF7-899D-69F7577BA15C}"
EndProject
Global
	GlobalSection(SolutionConfigurationPlatforms) = preSolution
		Debug|Any CPU = Debug|Any CPU
		Release|Any CPU = Release|Any CPU
	EndGlobalSection
	GlobalSection(ProjectConfigurationPlatforms) = postSolution
		{C35AAD04-E4FB-4EF7-899D-69F7577BA15C}.Debug|Any CPU.ActiveCfg = Debug|Any CPU
		{C35AAD04-E4FB-4EF7-899D-69F7577BA15C}.Debug|Any CPU.Build.0 = Debug|Any CPU
		{C35AAD04-E4FB-4EF7-899D-69F7577BA15C}.Release|Any CPU.ActiveCfg = Release|Any CPU
		{C35AAD04-E4FB-4EF7-899D-69F7577BA15C}.Release|Any CPU.Build.0 = Release|Any CPU
	EndGlobalSection
	GlobalSection(SolutionProperties) = preSolution
		HideSolutionNode = FALSE
	EndGlobalSection
	GlobalSection(ExtensibilityGlobals) = postSolution
		SolutionGuid = {4BE40FA9-FB55-4AC1-96A0-CC79E5905498}
	EndGlobalSection
EndGlobal
